// !$*UTF8*$!
{
	archiveVersion = 1;
	classes = {
	};
	objectVersion = 56;
	objects = {

/* Begin PBXBuildFile section */
		8E3D8D20EE631C81AEAC6530 /* Pods_FunLife.framework in Frameworks */ = {isa = PBXBuildFile; fileRef = DDD65060761FD46356DD5941 /* Pods_FunLife.framework */; };
		A808A9082A39CCC300237AD7 /* AppDelegate.swift in Sources */ = {isa = PBXBuildFile; fileRef = A808A9072A39CCC300237AD7 /* AppDelegate.swift */; };
		A808A90A2A39CCC300237AD7 /* SceneDelegate.swift in Sources */ = {isa = PBXBuildFile; fileRef = A808A9092A39CCC300237AD7 /* SceneDelegate.swift */; };
		A808A90F2A39CCC300237AD7 /* Main.storyboard in Resources */ = {isa = PBXBuildFile; fileRef = A808A90D2A39CCC300237AD7 /* Main.storyboard */; };
		A808A9112A39CCC400237AD7 /* Assets.xcassets in Resources */ = {isa = PBXBuildFile; fileRef = A808A9102A39CCC400237AD7 /* Assets.xcassets */; };
		A808A9142A39CCC400237AD7 /* LaunchScreen.storyboard in Resources */ = {isa = PBXBuildFile; fileRef = A808A9122A39CCC400237AD7 /* LaunchScreen.storyboard */; };
		A808A9262A3AC38000237AD7 /* HomeViewController.swift in Sources */ = {isa = PBXBuildFile; fileRef = A808A9252A3AC38000237AD7 /* HomeViewController.swift */; };
		A808A9282A3BCEE600237AD7 /* SettingViewController.swift in Sources */ = {isa = PBXBuildFile; fileRef = A808A9272A3BCEE600237AD7 /* SettingViewController.swift */; };
		A808A92A2A3BD14A00237AD7 /* SettingTableViewCell.swift in Sources */ = {isa = PBXBuildFile; fileRef = A808A9292A3BD14A00237AD7 /* SettingTableViewCell.swift */; };
		A808A92C2A3C0FDA00237AD7 /* AddTaskViewController.swift in Sources */ = {isa = PBXBuildFile; fileRef = A808A92B2A3C0FDA00237AD7 /* AddTaskViewController.swift */; };
		A808A9562A3C693200237AD7 /* Users.swift in Sources */ = {isa = PBXBuildFile; fileRef = A808A9552A3C693200237AD7 /* Users.swift */; };
		A808A9582A3C9AFB00237AD7 /* GoogleService-Info.plist in Resources */ = {isa = PBXBuildFile; fileRef = A808A9572A3C9AFB00237AD7 /* GoogleService-Info.plist */; };
		A808A95A2A3D96C000237AD7 /* DayViewController.swift in Sources */ = {isa = PBXBuildFile; fileRef = A808A9592A3D96C000237AD7 /* DayViewController.swift */; };
		A808A95C2A3D9DC900237AD7 /* DayTableViewCell.swift in Sources */ = {isa = PBXBuildFile; fileRef = A808A95B2A3D9DC900237AD7 /* DayTableViewCell.swift */; };
		A808A95E2A4041D300237AD7 /* MonthViewController.swift in Sources */ = {isa = PBXBuildFile; fileRef = A808A95D2A4041D300237AD7 /* MonthViewController.swift */; };
		A84F64102A4151E30064D9FC /* SheetTaskViewController.swift in Sources */ = {isa = PBXBuildFile; fileRef = A84F640F2A4151E30064D9FC /* SheetTaskViewController.swift */; };
		A887B24E2A458003003AD6E3 /* CreateGroupView.swift in Sources */ = {isa = PBXBuildFile; fileRef = A887B24D2A458003003AD6E3 /* CreateGroupView.swift */; };
		A887B2502A458392003AD6E3 /* CreateGroupTableViewCell.swift in Sources */ = {isa = PBXBuildFile; fileRef = A887B24F2A458392003AD6E3 /* CreateGroupTableViewCell.swift */; };
		A887B2532A46A1CE003AD6E3 /* GroupDetailView.swift in Sources */ = {isa = PBXBuildFile; fileRef = A887B2522A46A1CE003AD6E3 /* GroupDetailView.swift */; };
		A887B2552A46A452003AD6E3 /* GroupDetailViewController.swift in Sources */ = {isa = PBXBuildFile; fileRef = A887B2542A46A452003AD6E3 /* GroupDetailViewController.swift */; };
		A887B2572A46ADE0003AD6E3 /* GroupDetailTableViewCell.swift in Sources */ = {isa = PBXBuildFile; fileRef = A887B2562A46ADE0003AD6E3 /* GroupDetailTableViewCell.swift */; };
		A887B25A2A48319C003AD6E3 /* ProfileView.swift in Sources */ = {isa = PBXBuildFile; fileRef = A887B2592A48319C003AD6E3 /* ProfileView.swift */; };
		A887B25D2A48349E003AD6E3 /* ProfileViewController.swift in Sources */ = {isa = PBXBuildFile; fileRef = A887B25C2A48349E003AD6E3 /* ProfileViewController.swift */; };
		A894F9582A415CEB00550196 /* SheetTaskTableViewCell.swift in Sources */ = {isa = PBXBuildFile; fileRef = A894F9572A415CEB00550196 /* SheetTaskTableViewCell.swift */; };
		A894F97B2A45591C00550196 /* MyGroupListViewController.swift in Sources */ = {isa = PBXBuildFile; fileRef = A894F97A2A45591C00550196 /* MyGroupListViewController.swift */; };
		A894F97D2A45708100550196 /* CreateGroupViewController.swift in Sources */ = {isa = PBXBuildFile; fileRef = A894F97C2A45708100550196 /* CreateGroupViewController.swift */; };
		A894F9822A45724F00550196 /* MyGroupListTableViewCell.swift in Sources */ = {isa = PBXBuildFile; fileRef = A894F9812A45724F00550196 /* MyGroupListTableViewCell.swift */; };
/* End PBXBuildFile section */

/* Begin PBXFileReference section */
		54458245F1A42E52319D0FA9 /* Pods-FunLife.debug.xcconfig */ = {isa = PBXFileReference; includeInIndex = 1; lastKnownFileType = text.xcconfig; name = "Pods-FunLife.debug.xcconfig"; path = "Target Support Files/Pods-FunLife/Pods-FunLife.debug.xcconfig"; sourceTree = "<group>"; };
		725D3A52CF6B4BF808496703 /* Pods-FunLife.release.xcconfig */ = {isa = PBXFileReference; includeInIndex = 1; lastKnownFileType = text.xcconfig; name = "Pods-FunLife.release.xcconfig"; path = "Target Support Files/Pods-FunLife/Pods-FunLife.release.xcconfig"; sourceTree = "<group>"; };
		A808A9042A39CCC300237AD7 /* FunLife.app */ = {isa = PBXFileReference; explicitFileType = wrapper.application; includeInIndex = 0; path = FunLife.app; sourceTree = BUILT_PRODUCTS_DIR; };
		A808A9072A39CCC300237AD7 /* AppDelegate.swift */ = {isa = PBXFileReference; lastKnownFileType = sourcecode.swift; path = AppDelegate.swift; sourceTree = "<group>"; };
		A808A9092A39CCC300237AD7 /* SceneDelegate.swift */ = {isa = PBXFileReference; lastKnownFileType = sourcecode.swift; path = SceneDelegate.swift; sourceTree = "<group>"; };
		A808A90E2A39CCC300237AD7 /* Base */ = {isa = PBXFileReference; lastKnownFileType = file.storyboard; name = Base; path = Base.lproj/Main.storyboard; sourceTree = "<group>"; };
		A808A9102A39CCC400237AD7 /* Assets.xcassets */ = {isa = PBXFileReference; lastKnownFileType = folder.assetcatalog; path = Assets.xcassets; sourceTree = "<group>"; };
		A808A9132A39CCC400237AD7 /* Base */ = {isa = PBXFileReference; lastKnownFileType = file.storyboard; name = Base; path = Base.lproj/LaunchScreen.storyboard; sourceTree = "<group>"; };
		A808A9152A39CCC400237AD7 /* Info.plist */ = {isa = PBXFileReference; lastKnownFileType = text.plist.xml; path = Info.plist; sourceTree = "<group>"; };
		A808A9252A3AC38000237AD7 /* HomeViewController.swift */ = {isa = PBXFileReference; lastKnownFileType = sourcecode.swift; path = HomeViewController.swift; sourceTree = "<group>"; };
		A808A9272A3BCEE600237AD7 /* SettingViewController.swift */ = {isa = PBXFileReference; lastKnownFileType = sourcecode.swift; path = SettingViewController.swift; sourceTree = "<group>"; };
		A808A9292A3BD14A00237AD7 /* SettingTableViewCell.swift */ = {isa = PBXFileReference; lastKnownFileType = sourcecode.swift; path = SettingTableViewCell.swift; sourceTree = "<group>"; };
		A808A92B2A3C0FDA00237AD7 /* AddTaskViewController.swift */ = {isa = PBXFileReference; lastKnownFileType = sourcecode.swift; path = AddTaskViewController.swift; sourceTree = "<group>"; };
		A808A9552A3C693200237AD7 /* Users.swift */ = {isa = PBXFileReference; lastKnownFileType = sourcecode.swift; path = Users.swift; sourceTree = "<group>"; };
		A808A9572A3C9AFB00237AD7 /* GoogleService-Info.plist */ = {isa = PBXFileReference; fileEncoding = 4; lastKnownFileType = text.plist.xml; path = "GoogleService-Info.plist"; sourceTree = "<group>"; };
		A808A9592A3D96C000237AD7 /* DayViewController.swift */ = {isa = PBXFileReference; lastKnownFileType = sourcecode.swift; path = DayViewController.swift; sourceTree = "<group>"; };
		A808A95B2A3D9DC900237AD7 /* DayTableViewCell.swift */ = {isa = PBXFileReference; lastKnownFileType = sourcecode.swift; path = DayTableViewCell.swift; sourceTree = "<group>"; };
		A808A95D2A4041D300237AD7 /* MonthViewController.swift */ = {isa = PBXFileReference; lastKnownFileType = sourcecode.swift; path = MonthViewController.swift; sourceTree = "<group>"; };
		A84F640F2A4151E30064D9FC /* SheetTaskViewController.swift */ = {isa = PBXFileReference; lastKnownFileType = sourcecode.swift; path = SheetTaskViewController.swift; sourceTree = "<group>"; };
		A887B24D2A458003003AD6E3 /* CreateGroupView.swift */ = {isa = PBXFileReference; lastKnownFileType = sourcecode.swift; path = CreateGroupView.swift; sourceTree = "<group>"; };
		A887B24F2A458392003AD6E3 /* CreateGroupTableViewCell.swift */ = {isa = PBXFileReference; lastKnownFileType = sourcecode.swift; path = CreateGroupTableViewCell.swift; sourceTree = "<group>"; };
		A887B2522A46A1CE003AD6E3 /* GroupDetailView.swift */ = {isa = PBXFileReference; lastKnownFileType = sourcecode.swift; path = GroupDetailView.swift; sourceTree = "<group>"; };
		A887B2542A46A452003AD6E3 /* GroupDetailViewController.swift */ = {isa = PBXFileReference; lastKnownFileType = sourcecode.swift; path = GroupDetailViewController.swift; sourceTree = "<group>"; };
		A887B2562A46ADE0003AD6E3 /* GroupDetailTableViewCell.swift */ = {isa = PBXFileReference; lastKnownFileType = sourcecode.swift; path = GroupDetailTableViewCell.swift; sourceTree = "<group>"; };
		A887B2592A48319C003AD6E3 /* ProfileView.swift */ = {isa = PBXFileReference; lastKnownFileType = sourcecode.swift; path = ProfileView.swift; sourceTree = "<group>"; };
		A887B25C2A48349E003AD6E3 /* ProfileViewController.swift */ = {isa = PBXFileReference; lastKnownFileType = sourcecode.swift; path = ProfileViewController.swift; sourceTree = "<group>"; };
		A894F9572A415CEB00550196 /* SheetTaskTableViewCell.swift */ = {isa = PBXFileReference; lastKnownFileType = sourcecode.swift; path = SheetTaskTableViewCell.swift; sourceTree = "<group>"; };
		A894F97A2A45591C00550196 /* MyGroupListViewController.swift */ = {isa = PBXFileReference; lastKnownFileType = sourcecode.swift; path = MyGroupListViewController.swift; sourceTree = "<group>"; };
		A894F97C2A45708100550196 /* CreateGroupViewController.swift */ = {isa = PBXFileReference; lastKnownFileType = sourcecode.swift; path = CreateGroupViewController.swift; sourceTree = "<group>"; };
		A894F9812A45724F00550196 /* MyGroupListTableViewCell.swift */ = {isa = PBXFileReference; lastKnownFileType = sourcecode.swift; name = MyGroupListTableViewCell.swift; path = FunLife/Views/Group/MyGroupListTableViewCell.swift; sourceTree = SOURCE_ROOT; };
		DDD65060761FD46356DD5941 /* Pods_FunLife.framework */ = {isa = PBXFileReference; explicitFileType = wrapper.framework; includeInIndex = 0; path = Pods_FunLife.framework; sourceTree = BUILT_PRODUCTS_DIR; };
/* End PBXFileReference section */

/* Begin PBXFrameworksBuildPhase section */
		A808A9012A39CCC300237AD7 /* Frameworks */ = {
			isa = PBXFrameworksBuildPhase;
			buildActionMask = 2147483647;
			files = (
				8E3D8D20EE631C81AEAC6530 /* Pods_FunLife.framework in Frameworks */,
			);
			runOnlyForDeploymentPostprocessing = 0;
		};
/* End PBXFrameworksBuildPhase section */

/* Begin PBXGroup section */
		2D8122D5FBA178A698CD236F /* Frameworks */ = {
			isa = PBXGroup;
			children = (
				DDD65060761FD46356DD5941 /* Pods_FunLife.framework */,
			);
			name = Frameworks;
			sourceTree = "<group>";
		};
		A808A8FB2A39CCC300237AD7 = {
			isa = PBXGroup;
			children = (
				A808A9062A39CCC300237AD7 /* FunLife */,
				A808A9052A39CCC300237AD7 /* Products */,
				BBBB1F696B776909A2AD1CD7 /* Pods */,
				2D8122D5FBA178A698CD236F /* Frameworks */,
			);
			sourceTree = "<group>";
		};
		A808A9052A39CCC300237AD7 /* Products */ = {
			isa = PBXGroup;
			children = (
				A808A9042A39CCC300237AD7 /* FunLife.app */,
			);
			name = Products;
			sourceTree = "<group>";
		};
		A808A9062A39CCC300237AD7 /* FunLife */ = {
			isa = PBXGroup;
			children = (
				A808A9072A39CCC300237AD7 /* AppDelegate.swift */,
				A808A9092A39CCC300237AD7 /* SceneDelegate.swift */,
				A808A9212A3AC31700237AD7 /* Model */,
				A808A91D2A3AC26500237AD7 /* Views */,
				A808A9222A3AC32800237AD7 /* Controller */,
				A808A90D2A39CCC300237AD7 /* Main.storyboard */,
				A808A9102A39CCC400237AD7 /* Assets.xcassets */,
				A808A9122A39CCC400237AD7 /* LaunchScreen.storyboard */,
				A808A9152A39CCC400237AD7 /* Info.plist */,
				A808A9572A3C9AFB00237AD7 /* GoogleService-Info.plist */,
			);
			path = FunLife;
			sourceTree = "<group>";
		};
		A808A91D2A3AC26500237AD7 /* Views */ = {
			isa = PBXGroup;
			children = (
				A808A9292A3BD14A00237AD7 /* SettingTableViewCell.swift */,
				A808A95B2A3D9DC900237AD7 /* DayTableViewCell.swift */,
				A894F9572A415CEB00550196 /* SheetTaskTableViewCell.swift */,
				A887B2512A4583A4003AD6E3 /* Group */,
				A887B2582A483158003AD6E3 /* Profiel */,
			);
			path = Views;
			sourceTree = "<group>";
		};
		A808A91E2A3AC28A00237AD7 /* Base */ = {
			isa = PBXGroup;
			children = (
			);
			path = Base;
			sourceTree = "<group>";
		};
		A808A9212A3AC31700237AD7 /* Model */ = {
			isa = PBXGroup;
			children = (
				A808A9552A3C693200237AD7 /* Users.swift */,
			);
			path = Model;
			sourceTree = "<group>";
		};
		A808A9222A3AC32800237AD7 /* Controller */ = {
			isa = PBXGroup;
			children = (
				A894F9802A4571F200550196 /* NavBar */,
				A894F97E2A4571A800550196 /* TabBar0 */,
				A894F97F2A4571BB00550196 /* TabBar1 */,
				A894F9792A45558C00550196 /* TabBar2 */,
				A887B25B2A483479003AD6E3 /* TabBar3 */,
				A808A91E2A3AC28A00237AD7 /* Base */,
				A808A95D2A4041D300237AD7 /* MonthViewController.swift */,
			);
			path = Controller;
			sourceTree = "<group>";
		};
		A887B2512A4583A4003AD6E3 /* Group */ = {
			isa = PBXGroup;
			children = (
				A894F9812A45724F00550196 /* MyGroupListTableViewCell.swift */,
				A887B24D2A458003003AD6E3 /* CreateGroupView.swift */,
				A887B24F2A458392003AD6E3 /* CreateGroupTableViewCell.swift */,
				A887B2522A46A1CE003AD6E3 /* GroupDetailView.swift */,
				A887B2562A46ADE0003AD6E3 /* GroupDetailTableViewCell.swift */,
			);
			path = Group;
			sourceTree = "<group>";
		};
		A887B2582A483158003AD6E3 /* Profiel */ = {
			isa = PBXGroup;
			children = (
				A887B2592A48319C003AD6E3 /* ProfileView.swift */,
			);
			path = Profiel;
			sourceTree = "<group>";
		};
		A887B25B2A483479003AD6E3 /* TabBar3 */ = {
			isa = PBXGroup;
			children = (
				A887B25C2A48349E003AD6E3 /* ProfileViewController.swift */,
			);
			path = TabBar3;
			sourceTree = "<group>";
		};
		A894F9792A45558C00550196 /* TabBar2 */ = {
			isa = PBXGroup;
			children = (
				A894F97A2A45591C00550196 /* MyGroupListViewController.swift */,
				A894F97C2A45708100550196 /* CreateGroupViewController.swift */,
				A887B2542A46A452003AD6E3 /* GroupDetailViewController.swift */,
			);
			path = TabBar2;
			sourceTree = "<group>";
		};
		A894F97E2A4571A800550196 /* TabBar0 */ = {
			isa = PBXGroup;
			children = (
				A808A9252A3AC38000237AD7 /* HomeViewController.swift */,
				A84F640F2A4151E30064D9FC /* SheetTaskViewController.swift */,
			);
			path = TabBar0;
			sourceTree = "<group>";
		};
		A894F97F2A4571BB00550196 /* TabBar1 */ = {
			isa = PBXGroup;
			children = (
				A808A9592A3D96C000237AD7 /* DayViewController.swift */,
			);
			path = TabBar1;
			sourceTree = "<group>";
		};
		A894F9802A4571F200550196 /* NavBar */ = {
			isa = PBXGroup;
			children = (
				A808A9272A3BCEE600237AD7 /* SettingViewController.swift */,
				A808A92B2A3C0FDA00237AD7 /* AddTaskViewController.swift */,
			);
			path = NavBar;
			sourceTree = "<group>";
		};
		BBBB1F696B776909A2AD1CD7 /* Pods */ = {
			isa = PBXGroup;
			children = (
				54458245F1A42E52319D0FA9 /* Pods-FunLife.debug.xcconfig */,
				725D3A52CF6B4BF808496703 /* Pods-FunLife.release.xcconfig */,
			);
			path = Pods;
			sourceTree = "<group>";
		};
/* End PBXGroup section */

/* Begin PBXNativeTarget section */
		A808A9032A39CCC300237AD7 /* FunLife */ = {
			isa = PBXNativeTarget;
			buildConfigurationList = A808A9182A39CCC400237AD7 /* Build configuration list for PBXNativeTarget "FunLife" */;
			buildPhases = (
				22A2D547C3C10321D7107CB7 /* [CP] Check Pods Manifest.lock */,
				A808A9002A39CCC300237AD7 /* Sources */,
				A808A9012A39CCC300237AD7 /* Frameworks */,
				A808A9022A39CCC300237AD7 /* Resources */,
				A808A91C2A3AA4CC00237AD7 /* ShellScript */,
				F09B3351C7D65BC919FDDDBE /* [CP] Embed Pods Frameworks */,
			);
			buildRules = (
			);
			dependencies = (
			);
			name = FunLife;
			productName = FunLife;
			productReference = A808A9042A39CCC300237AD7 /* FunLife.app */;
			productType = "com.apple.product-type.application";
		};
/* End PBXNativeTarget section */

/* Begin PBXProject section */
		A808A8FC2A39CCC300237AD7 /* Project object */ = {
			isa = PBXProject;
			attributes = {
				BuildIndependentTargetsInParallel = 1;
				LastSwiftUpdateCheck = 1420;
				LastUpgradeCheck = 1420;
				TargetAttributes = {
					A808A9032A39CCC300237AD7 = {
						CreatedOnToolsVersion = 14.2;
					};
				};
			};
			buildConfigurationList = A808A8FF2A39CCC300237AD7 /* Build configuration list for PBXProject "FunLife" */;
			compatibilityVersion = "Xcode 14.0";
			developmentRegion = en;
			hasScannedForEncodings = 0;
			knownRegions = (
				en,
				Base,
			);
			mainGroup = A808A8FB2A39CCC300237AD7;
			productRefGroup = A808A9052A39CCC300237AD7 /* Products */;
			projectDirPath = "";
			projectRoot = "";
			targets = (
				A808A9032A39CCC300237AD7 /* FunLife */,
			);
		};
/* End PBXProject section */

/* Begin PBXResourcesBuildPhase section */
		A808A9022A39CCC300237AD7 /* Resources */ = {
			isa = PBXResourcesBuildPhase;
			buildActionMask = 2147483647;
			files = (
				A808A9142A39CCC400237AD7 /* LaunchScreen.storyboard in Resources */,
				A808A9112A39CCC400237AD7 /* Assets.xcassets in Resources */,
				A808A90F2A39CCC300237AD7 /* Main.storyboard in Resources */,
				A808A9582A3C9AFB00237AD7 /* GoogleService-Info.plist in Resources */,
			);
			runOnlyForDeploymentPostprocessing = 0;
		};
/* End PBXResourcesBuildPhase section */

/* Begin PBXShellScriptBuildPhase section */
		22A2D547C3C10321D7107CB7 /* [CP] Check Pods Manifest.lock */ = {
			isa = PBXShellScriptBuildPhase;
			buildActionMask = 2147483647;
			files = (
			);
			inputFileListPaths = (
			);
			inputPaths = (
				"${PODS_PODFILE_DIR_PATH}/Podfile.lock",
				"${PODS_ROOT}/Manifest.lock",
			);
			name = "[CP] Check Pods Manifest.lock";
			outputFileListPaths = (
			);
			outputPaths = (
				"$(DERIVED_FILE_DIR)/Pods-FunLife-checkManifestLockResult.txt",
			);
			runOnlyForDeploymentPostprocessing = 0;
			shellPath = /bin/sh;
			shellScript = "diff \"${PODS_PODFILE_DIR_PATH}/Podfile.lock\" \"${PODS_ROOT}/Manifest.lock\" > /dev/null\nif [ $? != 0 ] ; then\n    # print error to STDERR\n    echo \"error: The sandbox is not in sync with the Podfile.lock. Run 'pod install' or update your CocoaPods installation.\" >&2\n    exit 1\nfi\n# This output is used by Xcode 'outputs' to avoid re-running this script phase.\necho \"SUCCESS\" > \"${SCRIPT_OUTPUT_FILE_0}\"\n";
			showEnvVarsInLog = 0;
		};
		A808A91C2A3AA4CC00237AD7 /* ShellScript */ = {
			isa = PBXShellScriptBuildPhase;
			alwaysOutOfDate = 1;
			buildActionMask = 2147483647;
			files = (
			);
			inputFileListPaths = (
			);
			inputPaths = (
			);
			outputFileListPaths = (
			);
			outputPaths = (
			);
			runOnlyForDeploymentPostprocessing = 0;
			shellPath = /bin/sh;
			shellScript = "# Type a script or drag a script file from your workspace to insert its path.\nif [[ \"$(uname -m)\" == arm64 ]]; then\n    export PATH=\"/opt/homebrew/bin:$PATH\"\nfi\n\nif which swiftlint > /dev/null; then\n  swiftlint\nelse\n  echo \"warning: SwiftLint not installed, download from https://github.com/realm/SwiftLint\"\nfi\n";
		};
		F09B3351C7D65BC919FDDDBE /* [CP] Embed Pods Frameworks */ = {
			isa = PBXShellScriptBuildPhase;
			buildActionMask = 2147483647;
			files = (
			);
			inputFileListPaths = (
				"${PODS_ROOT}/Target Support Files/Pods-FunLife/Pods-FunLife-frameworks-${CONFIGURATION}-input-files.xcfilelist",
			);
			name = "[CP] Embed Pods Frameworks";
			outputFileListPaths = (
				"${PODS_ROOT}/Target Support Files/Pods-FunLife/Pods-FunLife-frameworks-${CONFIGURATION}-output-files.xcfilelist",
			);
			runOnlyForDeploymentPostprocessing = 0;
			shellPath = /bin/sh;
			shellScript = "\"${PODS_ROOT}/Target Support Files/Pods-FunLife/Pods-FunLife-frameworks.sh\"\n";
			showEnvVarsInLog = 0;
		};
/* End PBXShellScriptBuildPhase section */

/* Begin PBXSourcesBuildPhase section */
		A808A9002A39CCC300237AD7 /* Sources */ = {
			isa = PBXSourcesBuildPhase;
			buildActionMask = 2147483647;
			files = (
				A808A9562A3C693200237AD7 /* Users.swift in Sources */,
				A887B2532A46A1CE003AD6E3 /* GroupDetailView.swift in Sources */,
				A894F9582A415CEB00550196 /* SheetTaskTableViewCell.swift in Sources */,
				A894F97B2A45591C00550196 /* MyGroupListViewController.swift in Sources */,
				A887B2502A458392003AD6E3 /* CreateGroupTableViewCell.swift in Sources */,
				A808A92A2A3BD14A00237AD7 /* SettingTableViewCell.swift in Sources */,
				A887B2572A46ADE0003AD6E3 /* GroupDetailTableViewCell.swift in Sources */,
				A808A95C2A3D9DC900237AD7 /* DayTableViewCell.swift in Sources */,
				A894F97D2A45708100550196 /* CreateGroupViewController.swift in Sources */,
				A808A9282A3BCEE600237AD7 /* SettingViewController.swift in Sources */,
				A887B2552A46A452003AD6E3 /* GroupDetailViewController.swift in Sources */,
				A808A9262A3AC38000237AD7 /* HomeViewController.swift in Sources */,
				A808A9082A39CCC300237AD7 /* AppDelegate.swift in Sources */,
				A84F64102A4151E30064D9FC /* SheetTaskViewController.swift in Sources */,
				A887B25D2A48349E003AD6E3 /* ProfileViewController.swift in Sources */,
				A894F9822A45724F00550196 /* MyGroupListTableViewCell.swift in Sources */,
				A808A90A2A39CCC300237AD7 /* SceneDelegate.swift in Sources */,
				A808A95E2A4041D300237AD7 /* MonthViewController.swift in Sources */,
				A887B24E2A458003003AD6E3 /* CreateGroupView.swift in Sources */,
				A808A92C2A3C0FDA00237AD7 /* AddTaskViewController.swift in Sources */,
				A887B25A2A48319C003AD6E3 /* ProfileView.swift in Sources */,
				A808A95A2A3D96C000237AD7 /* DayViewController.swift in Sources */,
			);
			runOnlyForDeploymentPostprocessing = 0;
		};
/* End PBXSourcesBuildPhase section */

/* Begin PBXVariantGroup section */
		A808A90D2A39CCC300237AD7 /* Main.storyboard */ = {
			isa = PBXVariantGroup;
			children = (
				A808A90E2A39CCC300237AD7 /* Base */,
			);
			name = Main.storyboard;
			sourceTree = "<group>";
		};
		A808A9122A39CCC400237AD7 /* LaunchScreen.storyboard */ = {
			isa = PBXVariantGroup;
			children = (
				A808A9132A39CCC400237AD7 /* Base */,
			);
			name = LaunchScreen.storyboard;
			sourceTree = "<group>";
		};
/* End PBXVariantGroup section */

/* Begin XCBuildConfiguration section */
		A808A9162A39CCC400237AD7 /* Debug */ = {
			isa = XCBuildConfiguration;
			buildSettings = {
				ALWAYS_SEARCH_USER_PATHS = NO;
				CLANG_ANALYZER_NONNULL = YES;
				CLANG_ANALYZER_NUMBER_OBJECT_CONVERSION = YES_AGGRESSIVE;
				CLANG_CXX_LANGUAGE_STANDARD = "gnu++20";
				CLANG_ENABLE_MODULES = YES;
				CLANG_ENABLE_OBJC_ARC = YES;
				CLANG_ENABLE_OBJC_WEAK = YES;
				CLANG_WARN_BLOCK_CAPTURE_AUTORELEASING = YES;
				CLANG_WARN_BOOL_CONVERSION = YES;
				CLANG_WARN_COMMA = YES;
				CLANG_WARN_CONSTANT_CONVERSION = YES;
				CLANG_WARN_DEPRECATED_OBJC_IMPLEMENTATIONS = YES;
				CLANG_WARN_DIRECT_OBJC_ISA_USAGE = YES_ERROR;
				CLANG_WARN_DOCUMENTATION_COMMENTS = YES;
				CLANG_WARN_EMPTY_BODY = YES;
				CLANG_WARN_ENUM_CONVERSION = YES;
				CLANG_WARN_INFINITE_RECURSION = YES;
				CLANG_WARN_INT_CONVERSION = YES;
				CLANG_WARN_NON_LITERAL_NULL_CONVERSION = YES;
				CLANG_WARN_OBJC_IMPLICIT_RETAIN_SELF = YES;
				CLANG_WARN_OBJC_LITERAL_CONVERSION = YES;
				CLANG_WARN_OBJC_ROOT_CLASS = YES_ERROR;
				CLANG_WARN_QUOTED_INCLUDE_IN_FRAMEWORK_HEADER = YES;
				CLANG_WARN_RANGE_LOOP_ANALYSIS = YES;
				CLANG_WARN_STRICT_PROTOTYPES = YES;
				CLANG_WARN_SUSPICIOUS_MOVE = YES;
				CLANG_WARN_UNGUARDED_AVAILABILITY = YES_AGGRESSIVE;
				CLANG_WARN_UNREACHABLE_CODE = YES;
				CLANG_WARN__DUPLICATE_METHOD_MATCH = YES;
				COPY_PHASE_STRIP = NO;
				DEBUG_INFORMATION_FORMAT = dwarf;
				ENABLE_STRICT_OBJC_MSGSEND = YES;
				ENABLE_TESTABILITY = YES;
				GCC_C_LANGUAGE_STANDARD = gnu11;
				GCC_DYNAMIC_NO_PIC = NO;
				GCC_NO_COMMON_BLOCKS = YES;
				GCC_OPTIMIZATION_LEVEL = 0;
				GCC_PREPROCESSOR_DEFINITIONS = (
					"DEBUG=1",
					"$(inherited)",
				);
				GCC_WARN_64_TO_32_BIT_CONVERSION = YES;
				GCC_WARN_ABOUT_RETURN_TYPE = YES_ERROR;
				GCC_WARN_UNDECLARED_SELECTOR = YES;
				GCC_WARN_UNINITIALIZED_AUTOS = YES_AGGRESSIVE;
				GCC_WARN_UNUSED_FUNCTION = YES;
				GCC_WARN_UNUSED_VARIABLE = YES;
				IPHONEOS_DEPLOYMENT_TARGET = 15.6;
				MTL_ENABLE_DEBUG_INFO = INCLUDE_SOURCE;
				MTL_FAST_MATH = YES;
				ONLY_ACTIVE_ARCH = YES;
				SDKROOT = iphoneos;
				SWIFT_ACTIVE_COMPILATION_CONDITIONS = DEBUG;
				SWIFT_OPTIMIZATION_LEVEL = "-Onone";
			};
			name = Debug;
		};
		A808A9172A39CCC400237AD7 /* Release */ = {
			isa = XCBuildConfiguration;
			buildSettings = {
				ALWAYS_SEARCH_USER_PATHS = NO;
				CLANG_ANALYZER_NONNULL = YES;
				CLANG_ANALYZER_NUMBER_OBJECT_CONVERSION = YES_AGGRESSIVE;
				CLANG_CXX_LANGUAGE_STANDARD = "gnu++20";
				CLANG_ENABLE_MODULES = YES;
				CLANG_ENABLE_OBJC_ARC = YES;
				CLANG_ENABLE_OBJC_WEAK = YES;
				CLANG_WARN_BLOCK_CAPTURE_AUTORELEASING = YES;
				CLANG_WARN_BOOL_CONVERSION = YES;
				CLANG_WARN_COMMA = YES;
				CLANG_WARN_CONSTANT_CONVERSION = YES;
				CLANG_WARN_DEPRECATED_OBJC_IMPLEMENTATIONS = YES;
				CLANG_WARN_DIRECT_OBJC_ISA_USAGE = YES_ERROR;
				CLANG_WARN_DOCUMENTATION_COMMENTS = YES;
				CLANG_WARN_EMPTY_BODY = YES;
				CLANG_WARN_ENUM_CONVERSION = YES;
				CLANG_WARN_INFINITE_RECURSION = YES;
				CLANG_WARN_INT_CONVERSION = YES;
				CLANG_WARN_NON_LITERAL_NULL_CONVERSION = YES;
				CLANG_WARN_OBJC_IMPLICIT_RETAIN_SELF = YES;
				CLANG_WARN_OBJC_LITERAL_CONVERSION = YES;
				CLANG_WARN_OBJC_ROOT_CLASS = YES_ERROR;
				CLANG_WARN_QUOTED_INCLUDE_IN_FRAMEWORK_HEADER = YES;
				CLANG_WARN_RANGE_LOOP_ANALYSIS = YES;
				CLANG_WARN_STRICT_PROTOTYPES = YES;
				CLANG_WARN_SUSPICIOUS_MOVE = YES;
				CLANG_WARN_UNGUARDED_AVAILABILITY = YES_AGGRESSIVE;
				CLANG_WARN_UNREACHABLE_CODE = YES;
				CLANG_WARN__DUPLICATE_METHOD_MATCH = YES;
				COPY_PHASE_STRIP = NO;
				DEBUG_INFORMATION_FORMAT = "dwarf-with-dsym";
				ENABLE_NS_ASSERTIONS = NO;
				ENABLE_STRICT_OBJC_MSGSEND = YES;
				GCC_C_LANGUAGE_STANDARD = gnu11;
				GCC_NO_COMMON_BLOCKS = YES;
				GCC_WARN_64_TO_32_BIT_CONVERSION = YES;
				GCC_WARN_ABOUT_RETURN_TYPE = YES_ERROR;
				GCC_WARN_UNDECLARED_SELECTOR = YES;
				GCC_WARN_UNINITIALIZED_AUTOS = YES_AGGRESSIVE;
				GCC_WARN_UNUSED_FUNCTION = YES;
				GCC_WARN_UNUSED_VARIABLE = YES;
				IPHONEOS_DEPLOYMENT_TARGET = 15.6;
				MTL_ENABLE_DEBUG_INFO = NO;
				MTL_FAST_MATH = YES;
				SDKROOT = iphoneos;
				SWIFT_COMPILATION_MODE = wholemodule;
				SWIFT_OPTIMIZATION_LEVEL = "-O";
				VALIDATE_PRODUCT = YES;
			};
			name = Release;
		};
		A808A9192A39CCC400237AD7 /* Debug */ = {
			isa = XCBuildConfiguration;
			baseConfigurationReference = 54458245F1A42E52319D0FA9 /* Pods-FunLife.debug.xcconfig */;
			buildSettings = {
				ASSETCATALOG_COMPILER_APPICON_NAME = AppIcon;
				ASSETCATALOG_COMPILER_GLOBAL_ACCENT_COLOR_NAME = AccentColor;
				CODE_SIGN_STYLE = Automatic;
				CURRENT_PROJECT_VERSION = 1;
				DEVELOPMENT_TEAM = GUP3F3MX45;
				GENERATE_INFOPLIST_FILE = YES;
				INFOPLIST_FILE = FunLife/Info.plist;
				INFOPLIST_KEY_UIApplicationSupportsIndirectInputEvents = YES;
				INFOPLIST_KEY_UILaunchStoryboardName = LaunchScreen;
				INFOPLIST_KEY_UIMainStoryboardFile = Main;
				INFOPLIST_KEY_UISupportedInterfaceOrientations = "UIInterfaceOrientationPortrait UIInterfaceOrientationPortraitUpsideDown";
				INFOPLIST_KEY_UISupportedInterfaceOrientations_iPad = "UIInterfaceOrientationLandscapeLeft UIInterfaceOrientationLandscapeRight UIInterfaceOrientationPortrait UIInterfaceOrientationPortraitUpsideDown";
				IPHONEOS_DEPLOYMENT_TARGET = 15.0;
				LD_RUNPATH_SEARCH_PATHS = (
					"$(inherited)",
					"@executable_path/Frameworks",
				);
				MARKETING_VERSION = 1.0;
				PRODUCT_BUNDLE_IDENTIFIER = com.bobyin.FunLife;
				PRODUCT_NAME = "$(TARGET_NAME)";
				SWIFT_EMIT_LOC_STRINGS = YES;
				SWIFT_VERSION = 5.0;
				TARGETED_DEVICE_FAMILY = "1,2";
			};
			name = Debug;
		};
		A808A91A2A39CCC400237AD7 /* Release */ = {
			isa = XCBuildConfiguration;
			baseConfigurationReference = 725D3A52CF6B4BF808496703 /* Pods-FunLife.release.xcconfig */;
			buildSettings = {
				ASSETCATALOG_COMPILER_APPICON_NAME = AppIcon;
				ASSETCATALOG_COMPILER_GLOBAL_ACCENT_COLOR_NAME = AccentColor;
				CODE_SIGN_STYLE = Automatic;
				CURRENT_PROJECT_VERSION = 1;
				DEVELOPMENT_TEAM = GUP3F3MX45;
				GENERATE_INFOPLIST_FILE = YES;
				INFOPLIST_FILE = FunLife/Info.plist;
				INFOPLIST_KEY_UIApplicationSupportsIndirectInputEvents = YES;
				INFOPLIST_KEY_UILaunchStoryboardName = LaunchScreen;
				INFOPLIST_KEY_UIMainStoryboardFile = Main;
				INFOPLIST_KEY_UISupportedInterfaceOrientations = "UIInterfaceOrientationPortrait UIInterfaceOrientationPortraitUpsideDown";
				INFOPLIST_KEY_UISupportedInterfaceOrientations_iPad = "UIInterfaceOrientationLandscapeLeft UIInterfaceOrientationLandscapeRight UIInterfaceOrientationPortrait UIInterfaceOrientationPortraitUpsideDown";
				IPHONEOS_DEPLOYMENT_TARGET = 15.0;
				LD_RUNPATH_SEARCH_PATHS = (
					"$(inherited)",
					"@executable_path/Frameworks",
				);
				MARKETING_VERSION = 1.0;
				PRODUCT_BUNDLE_IDENTIFIER = com.bobyin.FunLife;
				PRODUCT_NAME = "$(TARGET_NAME)";
				SWIFT_EMIT_LOC_STRINGS = YES;
				SWIFT_VERSION = 5.0;
				TARGETED_DEVICE_FAMILY = "1,2";
			};
			name = Release;
		};
/* End XCBuildConfiguration section */

/* Begin XCConfigurationList section */
		A808A8FF2A39CCC300237AD7 /* Build configuration list for PBXProject "FunLife" */ = {
			isa = XCConfigurationList;
			buildConfigurations = (
				A808A9162A39CCC400237AD7 /* Debug */,
				A808A9172A39CCC400237AD7 /* Release */,
			);
			defaultConfigurationIsVisible = 0;
			defaultConfigurationName = Release;
		};
		A808A9182A39CCC400237AD7 /* Build configuration list for PBXNativeTarget "FunLife" */ = {
			isa = XCConfigurationList;
			buildConfigurations = (
				A808A9192A39CCC400237AD7 /* Debug */,
				A808A91A2A39CCC400237AD7 /* Release */,
			);
			defaultConfigurationIsVisible = 0;
			defaultConfigurationName = Release;
		};
/* End XCConfigurationList section */
	};
	rootObject = A808A8FC2A39CCC300237AD7 /* Project object */;
}
